
Microsoft Visual Studio Solution File, Format Version 12.00
# Visual Studio Version 17
VisualStudioVersion = 17.13.35913.81 d17.13
MinimumVisualStudioVersion = 10.0.40219.1
Project("{8BC9CEB8-8B4A-11D0-8D11-00A0C91BC942}") = "TutorialZero_1", "TutorialZero_1\TutorialZero_1.vcxproj", "{21633FE3-1312-418B-AD07-FBA3A1D028BF}"
EndProject
Global
	GlobalSection(SolutionConfigurationPlatforms) = preSolution
		Debug|x64 = Debug|x64
		Debug|x86 = Debug|x86
		Release|x64 = Release|x64
		Release|x86 = Release|x86
	EndGlobalSection
	GlobalSection(ProjectConfigurationPlatforms) = postSolution
		{21633FE3-1312-418B-AD07-FBA3A1D028BF}.Debug|x64.ActiveCfg = Debug|x64
		{21633FE3-1312-418B-AD07-FBA3A1D028BF}.Debug|x64.Build.0 = Debug|x64
		{21633FE3-1312-418B-AD07-FBA3A1D028BF}.Debug|x86.ActiveCfg = Debug|Win32
		{21633FE3-1312-418B-AD07-FBA3A1D028BF}.Debug|x86.Build.0 = Debug|Win32
		{21633FE3-1312-418B-AD07-FBA3A1D028BF}.Release|x64.ActiveCfg = Release|x64
		{21633FE3-1312-418B-AD07-FBA3A1D028BF}.Release|x64.Build.0 = Release|x64
		{21633FE3-1312-418B-AD07-FBA3A1D028BF}.Release|x86.ActiveCfg = Release|Win32
		{21633FE3-1312-418B-AD07-FBA3A1D028BF}.Release|x86.Build.0 = Release|Win32
	EndGlobalSection
	GlobalSection(SolutionProperties) = preSolution
		HideSolutionNode = FALSE
	EndGlobalSection
	GlobalSection(ExtensibilityGlobals) = postSolution
		SolutionGuid = {77CD05DE-DE08-40B4-B63A-3C421B75EAA4}
	EndGlobalSection
EndGlobal
